
Microsoft Visual Studio Solution File, Format Version 12.00
# Visual Studio Version 16
VisualStudioVersion = 16.0.29424.173
MinimumVisualStudioVersion = 10.0.40219.1
Project("{FAE04EC0-301F-11D3-BF4B-00C04F79EFBC}") = "KV_ISO15693", "KV_ISO15693.csproj", "{EB8EED95-F9F0-4148-A3D9-410A511E4AD4}"
EndProject
Global
	GlobalSection(SolutionConfigurationPlatforms) = preSolution
		Debug|Any CPU = Debug|Any CPU
		Release|Any CPU = Release|Any CPU
	EndGlobalSection
	GlobalSection(ProjectConfigurationPlatforms) = postSolution
		{EB8EED95-F9F0-4148-A3D9-410A511E4AD4}.Debug|Any CPU.ActiveCfg = Debug|Any CPU
		{EB8EED95-F9F0-4148-A3D9-410A511E4AD4}.Debug|Any CPU.Build.0 = Debug|Any CPU
		{EB8EED95-F9F0-4148-A3D9-410A511E4AD4}.Release|Any CPU.ActiveCfg = Release|Any CPU
		{EB8EED95-F9F0-4148-A3D9-410A511E4AD4}.Release|Any CPU.Build.0 = Release|Any CPU
	EndGlobalSection
	GlobalSection(SolutionProperties) = preSolution
		HideSolutionNode = FALSE
	EndGlobalSection
	GlobalSection(ExtensibilityGlobals) = postSolution
		SolutionGuid = {572CB336-CB41-4364-AA85-9309FAE9D150}
	EndGlobalSection
EndGlobal
